Microsoft Visual Studio Solution File, Format Version 11.00
# Visual Studio 2008

Project("{F1DD7708-E5C9-22AE-DF83-AB524821E9EA}") = "CardBoardProj", "Assembly-CSharp.csproj", "{87D25352-2A57-C4D9-48D7-8DB8000C9A56}"
EndProject
Global
	GlobalSection(SolutionConfigurationPlatforms) = preSolution
		Debug|Any CPU = Debug|Any CPU
		Release|Any CPU = Release|Any CPU
	EndGlobalSection
	GlobalSection(ProjectConfigurationPlatforms) = postSolution
		{87D25352-2A57-C4D9-48D7-8DB8000C9A56}.Debug|Any CPU.ActiveCfg = Debug|Any CPU
		{87D25352-2A57-C4D9-48D7-8DB8000C9A56}.Debug|Any CPU.Build.0 = Debug|Any CPU
		{87D25352-2A57-C4D9-48D7-8DB8000C9A56}.Release|Any CPU.ActiveCfg = Release|Any CPU
		{87D25352-2A57-C4D9-48D7-8DB8000C9A56}.Release|Any CPU.Build.0 = Release|Any CPU
	EndGlobalSection
	GlobalSection(SolutionProperties) = preSolution
		HideSolutionNode = FALSE
	EndGlobalSection
	GlobalSection(MonoDevelopProperties) = preSolution
		StartupItem = Assembly-CSharp.csproj
	EndGlobalSection
EndGlobal
