Microsoft Visual Studio Solution File, Format Version 11.00
# Visual Studio 2008

Project("{9B2BF114-44CB-CC87-93C7-A07086FD6591}") = "CardBoardVR", "Assembly-CSharp.csproj", "{807B3D90-226D-79D9-7330-0E9812155BC5}"
EndProject
Global
	GlobalSection(SolutionConfigurationPlatforms) = preSolution
		Debug|Any CPU = Debug|Any CPU
		Release|Any CPU = Release|Any CPU
	EndGlobalSection
	GlobalSection(ProjectConfigurationPlatforms) = postSolution
		{807B3D90-226D-79D9-7330-0E9812155BC5}.Debug|Any CPU.ActiveCfg = Debug|Any CPU
		{807B3D90-226D-79D9-7330-0E9812155BC5}.Debug|Any CPU.Build.0 = Debug|Any CPU
		{807B3D90-226D-79D9-7330-0E9812155BC5}.Release|Any CPU.ActiveCfg = Release|Any CPU
		{807B3D90-226D-79D9-7330-0E9812155BC5}.Release|Any CPU.Build.0 = Release|Any CPU
	EndGlobalSection
	GlobalSection(SolutionProperties) = preSolution
		HideSolutionNode = FALSE
	EndGlobalSection
	GlobalSection(MonoDevelopProperties) = preSolution
		StartupItem = Assembly-CSharp.csproj
	EndGlobalSection
EndGlobal
